# THIS IS AN AUTOGENERATED FILE. DO NOT EDIT THIS FILE DIRECTLY.
# yarn lockfile v1


"@ossprey/test-package@^0.0.3":
  version "0.0.3"
  resolved "https://registry.yarnpkg.com/@ossprey/test-package/-/test-package-0.0.3.tgz#56b5dc03b4fddfceb8779fe3d00c2ad41aa07d27"
  integrity sha512-piLFIABTq+pgRgfs93Hf3paXfxAwQLS4Mn6CTBnIn9aiWWXhigb6I5R0PSJb53oDXJAaQVbWmj8mUuHhQaVYOA==
