{
  "name": "javascript_simple_math",
  "version": "1.0.0",
  "lockfileVersion": 3,
  "requires": true,
  "packages": {
    "": {
      "name": "javascript_simple_math",
      "version": "1.0.0",
      "license": "ISC",
      "dependencies": {
        "@ossprey/test-package": "^0.0.3"
      }
    },
    "node_modules/@ossprey/test-package": {
      "version": "0.0.3",
      "resolved": "https://registry.npmjs.org/@ossprey/test-package/-/test-package-0.0.3.tgz",
      "integrity": "sha512-piLFIABTq+pgRgfs93Hf3paXfxAwQLS4Mn6CTBnIn9aiWWXhigb6I5R0PSJb53oDXJAaQVbWmj8mUuHhQaVYOA==",
      "license": "MIT"
    }
  }
}
